
Microsoft Visual Studio Solution File, Format Version 12.00
# Visual Studio Version 17
VisualStudioVersion = 17.9.34622.214
MinimumVisualStudioVersion = 10.0.40219.1
Project("{FAE04EC0-301F-11D3-BF4B-00C04F79EFBC}") = "Ej_PatronAcceso03.Android", "Ej_PatronAcceso03\Ej_PatronAcceso03.Android\Ej_PatronAcceso03.Android.csproj", "{6707CDA9-AF77-47FA-92C6-62C002D76A93}"
EndProject
Project("{FAE04EC0-301F-11D3-BF4B-00C04F79EFBC}") = "Ej_PatronAcceso03", "Ej_PatronAcceso03\Ej_PatronAcceso03\Ej_PatronAcceso03.csproj", "{406D4159-F1DC-4B05-ABCA-E2806CFBC409}"
EndProject
Global
	GlobalSection(SolutionConfigurationPlatforms) = preSolution
		Debug|Any CPU = Debug|Any CPU
		Release|Any CPU = Release|Any CPU
	EndGlobalSection
	GlobalSection(ProjectConfigurationPlatforms) = postSolution
		{6707CDA9-AF77-47FA-92C6-62C002D76A93}.Debug|Any CPU.ActiveCfg = Debug|Any CPU
		{6707CDA9-AF77-47FA-92C6-62C002D76A93}.Debug|Any CPU.Build.0 = Debug|Any CPU
		{6707CDA9-AF77-47FA-92C6-62C002D76A93}.Debug|Any CPU.Deploy.0 = Debug|Any CPU
		{6707CDA9-AF77-47FA-92C6-62C002D76A93}.Release|Any CPU.ActiveCfg = Release|Any CPU
		{6707CDA9-AF77-47FA-92C6-62C002D76A93}.Release|Any CPU.Build.0 = Release|Any CPU
		{6707CDA9-AF77-47FA-92C6-62C002D76A93}.Release|Any CPU.Deploy.0 = Release|Any CPU
		{406D4159-F1DC-4B05-ABCA-E2806CFBC409}.Debug|Any CPU.ActiveCfg = Debug|Any CPU
		{406D4159-F1DC-4B05-ABCA-E2806CFBC409}.Debug|Any CPU.Build.0 = Debug|Any CPU
		{406D4159-F1DC-4B05-ABCA-E2806CFBC409}.Debug|Any CPU.Deploy.0 = Debug|Any CPU
		{406D4159-F1DC-4B05-ABCA-E2806CFBC409}.Release|Any CPU.ActiveCfg = Release|Any CPU
		{406D4159-F1DC-4B05-ABCA-E2806CFBC409}.Release|Any CPU.Build.0 = Release|Any CPU
		{406D4159-F1DC-4B05-ABCA-E2806CFBC409}.Release|Any CPU.Deploy.0 = Release|Any CPU
	EndGlobalSection
	GlobalSection(SolutionProperties) = preSolution
		HideSolutionNode = FALSE
	EndGlobalSection
	GlobalSection(ExtensibilityGlobals) = postSolution
		SolutionGuid = {FB1CECC3-AC57-4891-BD59-BBF3BD0F5ACC}
	EndGlobalSection
EndGlobal
